
Microsoft Visual Studio Solution File, Format Version 12.00
# Visual Studio Version 16
VisualStudioVersion = 16.0.31702.278
MinimumVisualStudioVersion = 10.0.40219.1
Project("{9A19103F-16F7-4668-BE54-9A1E7A4F7556}") = "Repository", "Repository\Repository.csproj", "{750ADD9F-A244-4521-AA0A-71A57F870F51}"
EndProject
Project("{9A19103F-16F7-4668-BE54-9A1E7A4F7556}") = "Models", "Models\Models.csproj", "{580CADDF-B3BB-4288-B4AE-98A27737C86E}"
EndProject
Project("{9A19103F-16F7-4668-BE54-9A1E7A4F7556}") = "Logic", "Logic\Logic.csproj", "{2B739788-2430-4007-B25E-B92E5591A2B1}"
EndProject
Project("{9A19103F-16F7-4668-BE54-9A1E7A4F7556}") = "API", "API\API.csproj", "{7D112F4F-FB9A-488E-8F56-43A22F571613}"
EndProject
Project("{9A19103F-16F7-4668-BE54-9A1E7A4F7556}") = "TriforkTesting", "TriforkTesting\TriforkTesting.csproj", "{D3089E6F-7B15-4B46-8E46-493D78F959B4}"
EndProject
Global
	GlobalSection(SolutionConfigurationPlatforms) = preSolution
		Debug|Any CPU = Debug|Any CPU
		Release|Any CPU = Release|Any CPU
	EndGlobalSection
	GlobalSection(ProjectConfigurationPlatforms) = postSolution
		{750ADD9F-A244-4521-AA0A-71A57F870F51}.Debug|Any CPU.ActiveCfg = Debug|Any CPU
		{750ADD9F-A244-4521-AA0A-71A57F870F51}.Debug|Any CPU.Build.0 = Debug|Any CPU
		{750ADD9F-A244-4521-AA0A-71A57F870F51}.Release|Any CPU.ActiveCfg = Release|Any CPU
		{750ADD9F-A244-4521-AA0A-71A57F870F51}.Release|Any CPU.Build.0 = Release|Any CPU
		{580CADDF-B3BB-4288-B4AE-98A27737C86E}.Debug|Any CPU.ActiveCfg = Debug|Any CPU
		{580CADDF-B3BB-4288-B4AE-98A27737C86E}.Debug|Any CPU.Build.0 = Debug|Any CPU
		{580CADDF-B3BB-4288-B4AE-98A27737C86E}.Release|Any CPU.ActiveCfg = Release|Any CPU
		{580CADDF-B3BB-4288-B4AE-98A27737C86E}.Release|Any CPU.Build.0 = Release|Any CPU
		{2B739788-2430-4007-B25E-B92E5591A2B1}.Debug|Any CPU.ActiveCfg = Debug|Any CPU
		{2B739788-2430-4007-B25E-B92E5591A2B1}.Debug|Any CPU.Build.0 = Debug|Any CPU
		{2B739788-2430-4007-B25E-B92E5591A2B1}.Release|Any CPU.ActiveCfg = Release|Any CPU
		{2B739788-2430-4007-B25E-B92E5591A2B1}.Release|Any CPU.Build.0 = Release|Any CPU
		{7D112F4F-FB9A-488E-8F56-43A22F571613}.Debug|Any CPU.ActiveCfg = Debug|Any CPU
		{7D112F4F-FB9A-488E-8F56-43A22F571613}.Debug|Any CPU.Build.0 = Debug|Any CPU
		{7D112F4F-FB9A-488E-8F56-43A22F571613}.Release|Any CPU.ActiveCfg = Release|Any CPU
		{7D112F4F-FB9A-488E-8F56-43A22F571613}.Release|Any CPU.Build.0 = Release|Any CPU
		{D3089E6F-7B15-4B46-8E46-493D78F959B4}.Debug|Any CPU.ActiveCfg = Debug|Any CPU
		{D3089E6F-7B15-4B46-8E46-493D78F959B4}.Debug|Any CPU.Build.0 = Debug|Any CPU
		{D3089E6F-7B15-4B46-8E46-493D78F959B4}.Release|Any CPU.ActiveCfg = Release|Any CPU
		{D3089E6F-7B15-4B46-8E46-493D78F959B4}.Release|Any CPU.Build.0 = Release|Any CPU
	EndGlobalSection
	GlobalSection(SolutionProperties) = preSolution
		HideSolutionNode = FALSE
	EndGlobalSection
	GlobalSection(ExtensibilityGlobals) = postSolution
		SolutionGuid = {C8EF3E24-67C0-4C8D-9F0A-7724A973F255}
	EndGlobalSection
EndGlobal
